// !$*UTF8*$!
{
	archiveVersion = 1;
	classes = {
	};
	objectVersion = 50;
	objects = {

/* Begin PBXBuildFile section */
		B1EFECB52CF63CF4FB6DE56F /* Pods_flixyTests.framework in Frameworks */ = {isa = PBXBuildFile; fileRef = 3B589C61874A95A20329244A /* Pods_flixyTests.framework */; };
		D2C7D8176F74FDC6DA924558 /* Pods_flixy.framework in Frameworks */ = {isa = PBXBuildFile; fileRef = B429E4A3A92F6FC7ABC4A8D3 /* Pods_flixy.framework */; };
		F6C432FDA179DB89517EC3B9 /* Pods_flixy_flixyUITests.framework in Frameworks */ = {isa = PBXBuildFile; fileRef = C870A47DAED9E84A02785D7F /* Pods_flixy_flixyUITests.framework */; };
		F9B264F52526C276002B78DC /* AppDelegate.swift in Sources */ = {isa = PBXBuildFile; fileRef = F9B264F42526C276002B78DC /* AppDelegate.swift */; };
		F9B264F72526C276002B78DC /* SceneDelegate.swift in Sources */ = {isa = PBXBuildFile; fileRef = F9B264F62526C276002B78DC /* SceneDelegate.swift */; };
		F9B264F92526C276002B78DC /* MoviesViewController.swift in Sources */ = {isa = PBXBuildFile; fileRef = F9B264F82526C276002B78DC /* MoviesViewController.swift */; };
		F9B264FC2526C276002B78DC /* Main.storyboard in Resources */ = {isa = PBXBuildFile; fileRef = F9B264FA2526C276002B78DC /* Main.storyboard */; };
		F9B264FE2526C277002B78DC /* Assets.xcassets in Resources */ = {isa = PBXBuildFile; fileRef = F9B264FD2526C277002B78DC /* Assets.xcassets */; };
		F9B265012526C277002B78DC /* LaunchScreen.storyboard in Resources */ = {isa = PBXBuildFile; fileRef = F9B264FF2526C277002B78DC /* LaunchScreen.storyboard */; };
		F9B2650C2526C277002B78DC /* flixyTests.swift in Sources */ = {isa = PBXBuildFile; fileRef = F9B2650B2526C277002B78DC /* flixyTests.swift */; };
		F9B265172526C277002B78DC /* flixyUITests.swift in Sources */ = {isa = PBXBuildFile; fileRef = F9B265162526C277002B78DC /* flixyUITests.swift */; };
		F9B265272526D755002B78DC /* MovieCell.swift in Sources */ = {isa = PBXBuildFile; fileRef = F9B265262526D755002B78DC /* MovieCell.swift */; };
/* End PBXBuildFile section */

/* Begin PBXContainerItemProxy section */
		F9B265082526C277002B78DC /* PBXContainerItemProxy */ = {
			isa = PBXContainerItemProxy;
			containerPortal = F9B264E92526C276002B78DC /* Project object */;
			proxyType = 1;
			remoteGlobalIDString = F9B264F02526C276002B78DC;
			remoteInfo = flixy;
		};
		F9B265132526C277002B78DC /* PBXContainerItemProxy */ = {
			isa = PBXContainerItemProxy;
			containerPortal = F9B264E92526C276002B78DC /* Project object */;
			proxyType = 1;
			remoteGlobalIDString = F9B264F02526C276002B78DC;
			remoteInfo = flixy;
		};
/* End PBXContainerItemProxy section */

/* Begin PBXFileReference section */
		18765ED8609B60CC6A11F172 /* Pods-flixyTests.release.xcconfig */ = {isa = PBXFileReference; includeInIndex = 1; lastKnownFileType = text.xcconfig; name = "Pods-flixyTests.release.xcconfig"; path = "Target Support Files/Pods-flixyTests/Pods-flixyTests.release.xcconfig"; sourceTree = "<group>"; };
		3AF7BF34A59EA4B6ADCCE03E /* Pods-flixy-flixyUITests.release.xcconfig */ = {isa = PBXFileReference; includeInIndex = 1; lastKnownFileType = text.xcconfig; name = "Pods-flixy-flixyUITests.release.xcconfig"; path = "Target Support Files/Pods-flixy-flixyUITests/Pods-flixy-flixyUITests.release.xcconfig"; sourceTree = "<group>"; };
		3B589C61874A95A20329244A /* Pods_flixyTests.framework */ = {isa = PBXFileReference; explicitFileType = wrapper.framework; includeInIndex = 0; path = Pods_flixyTests.framework; sourceTree = BUILT_PRODUCTS_DIR; };
		49151A44A43BC7CCB39993A1 /* Pods-flixy.debug.xcconfig */ = {isa = PBXFileReference; includeInIndex = 1; lastKnownFileType = text.xcconfig; name = "Pods-flixy.debug.xcconfig"; path = "Target Support Files/Pods-flixy/Pods-flixy.debug.xcconfig"; sourceTree = "<group>"; };
		B429E4A3A92F6FC7ABC4A8D3 /* Pods_flixy.framework */ = {isa = PBXFileReference; explicitFileType = wrapper.framework; includeInIndex = 0; path = Pods_flixy.framework; sourceTree = BUILT_PRODUCTS_DIR; };
		B75FE509FD0FA015BCBC4F9D /* Pods-flixy-flixyUITests.debug.xcconfig */ = {isa = PBXFileReference; includeInIndex = 1; lastKnownFileType = text.xcconfig; name = "Pods-flixy-flixyUITests.debug.xcconfig"; path = "Target Support Files/Pods-flixy-flixyUITests/Pods-flixy-flixyUITests.debug.xcconfig"; sourceTree = "<group>"; };
		C870A47DAED9E84A02785D7F /* Pods_flixy_flixyUITests.framework */ = {isa = PBXFileReference; explicitFileType = wrapper.framework; includeInIndex = 0; path = Pods_flixy_flixyUITests.framework; sourceTree = BUILT_PRODUCTS_DIR; };
		CAB5CC3A3C27C34A2C9A71D6 /* Pods-flixy.release.xcconfig */ = {isa = PBXFileReference; includeInIndex = 1; lastKnownFileType = text.xcconfig; name = "Pods-flixy.release.xcconfig"; path = "Target Support Files/Pods-flixy/Pods-flixy.release.xcconfig"; sourceTree = "<group>"; };
		D813141EB9BADA91F27C6E48 /* Pods-flixyTests.debug.xcconfig */ = {isa = PBXFileReference; includeInIndex = 1; lastKnownFileType = text.xcconfig; name = "Pods-flixyTests.debug.xcconfig"; path = "Target Support Files/Pods-flixyTests/Pods-flixyTests.debug.xcconfig"; sourceTree = "<group>"; };
		F9B264F12526C276002B78DC /* flixy.app */ = {isa = PBXFileReference; explicitFileType = wrapper.application; includeInIndex = 0; path = flixy.app; sourceTree = BUILT_PRODUCTS_DIR; };
		F9B264F42526C276002B78DC /* AppDelegate.swift */ = {isa = PBXFileReference; lastKnownFileType = sourcecode.swift; path = AppDelegate.swift; sourceTree = "<group>"; };
		F9B264F62526C276002B78DC /* SceneDelegate.swift */ = {isa = PBXFileReference; lastKnownFileType = sourcecode.swift; path = SceneDelegate.swift; sourceTree = "<group>"; };
		F9B264F82526C276002B78DC /* MoviesViewController.swift */ = {isa = PBXFileReference; lastKnownFileType = sourcecode.swift; path = MoviesViewController.swift; sourceTree = "<group>"; };
		F9B264FB2526C276002B78DC /* Base */ = {isa = PBXFileReference; lastKnownFileType = file.storyboard; name = Base; path = Base.lproj/Main.storyboard; sourceTree = "<group>"; };
		F9B264FD2526C277002B78DC /* Assets.xcassets */ = {isa = PBXFileReference; lastKnownFileType = folder.assetcatalog; path = Assets.xcassets; sourceTree = "<group>"; };
		F9B265002526C277002B78DC /* Base */ = {isa = PBXFileReference; lastKnownFileType = file.storyboard; name = Base; path = Base.lproj/LaunchScreen.storyboard; sourceTree = "<group>"; };
		F9B265022526C277002B78DC /* Info.plist */ = {isa = PBXFileReference; lastKnownFileType = text.plist.xml; path = Info.plist; sourceTree = "<group>"; };
		F9B265072526C277002B78DC /* flixyTests.xctest */ = {isa = PBXFileReference; explicitFileType = wrapper.cfbundle; includeInIndex = 0; path = flixyTests.xctest; sourceTree = BUILT_PRODUCTS_DIR; };
		F9B2650B2526C277002B78DC /* flixyTests.swift */ = {isa = PBXFileReference; lastKnownFileType = sourcecode.swift; path = flixyTests.swift; sourceTree = "<group>"; };
		F9B2650D2526C277002B78DC /* Info.plist */ = {isa = PBXFileReference; lastKnownFileType = text.plist.xml; path = Info.plist; sourceTree = "<group>"; };
		F9B265122526C277002B78DC /* flixyUITests.xctest */ = {isa = PBXFileReference; explicitFileType = wrapper.cfbundle; includeInIndex = 0; path = flixyUITests.xctest; sourceTree = BUILT_PRODUCTS_DIR; };
		F9B265162526C277002B78DC /* flixyUITests.swift */ = {isa = PBXFileReference; lastKnownFileType = sourcecode.swift; path = flixyUITests.swift; sourceTree = "<group>"; };
		F9B265182526C277002B78DC /* Info.plist */ = {isa = PBXFileReference; lastKnownFileType = text.plist.xml; path = Info.plist; sourceTree = "<group>"; };
		F9B265262526D755002B78DC /* MovieCell.swift */ = {isa = PBXFileReference; lastKnownFileType = sourcecode.swift; path = MovieCell.swift; sourceTree = "<group>"; };
/* End PBXFileReference section */

/* Begin PBXFrameworksBuildPhase section */
		F9B264EE2526C276002B78DC /* Frameworks */ = {
			isa = PBXFrameworksBuildPhase;
			buildActionMask = 2147483647;
			files = (
				D2C7D8176F74FDC6DA924558 /* Pods_flixy.framework in Frameworks */,
			);
			runOnlyForDeploymentPostprocessing = 0;
		};
		F9B265042526C277002B78DC /* Frameworks */ = {
			isa = PBXFrameworksBuildPhase;
			buildActionMask = 2147483647;
			files = (
				B1EFECB52CF63CF4FB6DE56F /* Pods_flixyTests.framework in Frameworks */,
			);
			runOnlyForDeploymentPostprocessing = 0;
		};
		F9B2650F2526C277002B78DC /* Frameworks */ = {
			isa = PBXFrameworksBuildPhase;
			buildActionMask = 2147483647;
			files = (
				F6C432FDA179DB89517EC3B9 /* Pods_flixy_flixyUITests.framework in Frameworks */,
			);
			runOnlyForDeploymentPostprocessing = 0;
		};
/* End PBXFrameworksBuildPhase section */

/* Begin PBXGroup section */
		9F060F67254B91746B35C60D /* Frameworks */ = {
			isa = PBXGroup;
			children = (
				B429E4A3A92F6FC7ABC4A8D3 /* Pods_flixy.framework */,
				C870A47DAED9E84A02785D7F /* Pods_flixy_flixyUITests.framework */,
				3B589C61874A95A20329244A /* Pods_flixyTests.framework */,
			);
			name = Frameworks;
			sourceTree = "<group>";
		};
		C7E2A5E956C6BAB635DF6525 /* Pods */ = {
			isa = PBXGroup;
			children = (
				49151A44A43BC7CCB39993A1 /* Pods-flixy.debug.xcconfig */,
				CAB5CC3A3C27C34A2C9A71D6 /* Pods-flixy.release.xcconfig */,
				B75FE509FD0FA015BCBC4F9D /* Pods-flixy-flixyUITests.debug.xcconfig */,
				3AF7BF34A59EA4B6ADCCE03E /* Pods-flixy-flixyUITests.release.xcconfig */,
				D813141EB9BADA91F27C6E48 /* Pods-flixyTests.debug.xcconfig */,
				18765ED8609B60CC6A11F172 /* Pods-flixyTests.release.xcconfig */,
			);
			name = Pods;
			path = Pods;
			sourceTree = "<group>";
		};
		F9B264E82526C276002B78DC = {
			isa = PBXGroup;
			children = (
				F9B264F32526C276002B78DC /* flixy */,
				F9B2650A2526C277002B78DC /* flixyTests */,
				F9B265152526C277002B78DC /* flixyUITests */,
				F9B264F22526C276002B78DC /* Products */,
				C7E2A5E956C6BAB635DF6525 /* Pods */,
				9F060F67254B91746B35C60D /* Frameworks */,
			);
			sourceTree = "<group>";
		};
		F9B264F22526C276002B78DC /* Products */ = {
			isa = PBXGroup;
			children = (
				F9B264F12526C276002B78DC /* flixy.app */,
				F9B265072526C277002B78DC /* flixyTests.xctest */,
				F9B265122526C277002B78DC /* flixyUITests.xctest */,
			);
			name = Products;
			sourceTree = "<group>";
		};
		F9B264F32526C276002B78DC /* flixy */ = {
			isa = PBXGroup;
			children = (
				F9B264F42526C276002B78DC /* AppDelegate.swift */,
				F9B264F62526C276002B78DC /* SceneDelegate.swift */,
				F9B264F82526C276002B78DC /* MoviesViewController.swift */,
				F9B264FA2526C276002B78DC /* Main.storyboard */,
				F9B265262526D755002B78DC /* MovieCell.swift */,
				F9B264FD2526C277002B78DC /* Assets.xcassets */,
				F9B264FF2526C277002B78DC /* LaunchScreen.storyboard */,
				F9B265022526C277002B78DC /* Info.plist */,
			);
			path = flixy;
			sourceTree = "<group>";
		};
		F9B2650A2526C277002B78DC /* flixyTests */ = {
			isa = PBXGroup;
			children = (
				F9B2650B2526C277002B78DC /* flixyTests.swift */,
				F9B2650D2526C277002B78DC /* Info.plist */,
			);
			path = flixyTests;
			sourceTree = "<group>";
		};
		F9B265152526C277002B78DC /* flixyUITests */ = {
			isa = PBXGroup;
			children = (
				F9B265162526C277002B78DC /* flixyUITests.swift */,
				F9B265182526C277002B78DC /* Info.plist */,
			);
			path = flixyUITests;
			sourceTree = "<group>";
		};
/* End PBXGroup section */

/* Begin PBXNativeTarget section */
		F9B264F02526C276002B78DC /* flixy */ = {
			isa = PBXNativeTarget;
			buildConfigurationList = F9B2651B2526C277002B78DC /* Build configuration list for PBXNativeTarget "flixy" */;
			buildPhases = (
				5EA41276DED5D347145BEF25 /* [CP] Check Pods Manifest.lock */,
				F9B264ED2526C276002B78DC /* Sources */,
				F9B264EE2526C276002B78DC /* Frameworks */,
				F9B264EF2526C276002B78DC /* Resources */,
				475D7450F4F87465336E3931 /* [CP] Embed Pods Frameworks */,
			);
			buildRules = (
			);
			dependencies = (
			);
			name = flixy;
			productName = flixy;
			productReference = F9B264F12526C276002B78DC /* flixy.app */;
			productType = "com.apple.product-type.application";
		};
		F9B265062526C277002B78DC /* flixyTests */ = {
			isa = PBXNativeTarget;
			buildConfigurationList = F9B2651E2526C277002B78DC /* Build configuration list for PBXNativeTarget "flixyTests" */;
			buildPhases = (
				FAA28102F7F57E0EFCF5AF6A /* [CP] Check Pods Manifest.lock */,
				F9B265032526C277002B78DC /* Sources */,
				F9B265042526C277002B78DC /* Frameworks */,
				F9B265052526C277002B78DC /* Resources */,
			);
			buildRules = (
			);
			dependencies = (
				F9B265092526C277002B78DC /* PBXTargetDependency */,
			);
			name = flixyTests;
			productName = flixyTests;
			productReference = F9B265072526C277002B78DC /* flixyTests.xctest */;
			productType = "com.apple.product-type.bundle.unit-test";
		};
		F9B265112526C277002B78DC /* flixyUITests */ = {
			isa = PBXNativeTarget;
			buildConfigurationList = F9B265212526C277002B78DC /* Build configuration list for PBXNativeTarget "flixyUITests" */;
			buildPhases = (
				6F6A5E2E9C7AE50A4893C692 /* [CP] Check Pods Manifest.lock */,
				F9B2650E2526C277002B78DC /* Sources */,
				F9B2650F2526C277002B78DC /* Frameworks */,
				F9B265102526C277002B78DC /* Resources */,
				9CA0890848C628F260C418F4 /* [CP] Embed Pods Frameworks */,
			);
			buildRules = (
			);
			dependencies = (
				F9B265142526C277002B78DC /* PBXTargetDependency */,
			);
			name = flixyUITests;
			productName = flixyUITests;
			productReference = F9B265122526C277002B78DC /* flixyUITests.xctest */;
			productType = "com.apple.product-type.bundle.ui-testing";
		};
/* End PBXNativeTarget section */

/* Begin PBXProject section */
		F9B264E92526C276002B78DC /* Project object */ = {
			isa = PBXProject;
			attributes = {
				LastSwiftUpdateCheck = 1170;
				LastUpgradeCheck = 1170;
				ORGANIZATIONNAME = "Abdullah Ali";
				TargetAttributes = {
					F9B264F02526C276002B78DC = {
						CreatedOnToolsVersion = 11.7;
					};
					F9B265062526C277002B78DC = {
						CreatedOnToolsVersion = 11.7;
						TestTargetID = F9B264F02526C276002B78DC;
					};
					F9B265112526C277002B78DC = {
						CreatedOnToolsVersion = 11.7;
						TestTargetID = F9B264F02526C276002B78DC;
					};
				};
			};
			buildConfigurationList = F9B264EC2526C276002B78DC /* Build configuration list for PBXProject "flixy" */;
			compatibilityVersion = "Xcode 9.3";
			developmentRegion = en;
			hasScannedForEncodings = 0;
			knownRegions = (
				en,
				Base,
			);
			mainGroup = F9B264E82526C276002B78DC;
			productRefGroup = F9B264F22526C276002B78DC /* Products */;
			projectDirPath = "";
			projectRoot = "";
			targets = (
				F9B264F02526C276002B78DC /* flixy */,
				F9B265062526C277002B78DC /* flixyTests */,
				F9B265112526C277002B78DC /* flixyUITests */,
			);
		};
/* End PBXProject section */

/* Begin PBXResourcesBuildPhase section */
		F9B264EF2526C276002B78DC /* Resources */ = {
			isa = PBXResourcesBuildPhase;
			buildActionMask = 2147483647;
			files = (
				F9B265012526C277002B78DC /* LaunchScreen.storyboard in Resources */,
				F9B264FE2526C277002B78DC /* Assets.xcassets in Resources */,
				F9B264FC2526C276002B78DC /* Main.storyboard in Resources */,
			);
			runOnlyForDeploymentPostprocessing = 0;
		};
		F9B265052526C277002B78DC /* Resources */ = {
			isa = PBXResourcesBuildPhase;
			buildActionMask = 2147483647;
			files = (
			);
			runOnlyForDeploymentPostprocessing = 0;
		};
		F9B265102526C277002B78DC /* Resources */ = {
			isa = PBXResourcesBuildPhase;
			buildActionMask = 2147483647;
			files = (
			);
			runOnlyForDeploymentPostprocessing = 0;
		};
/* End PBXResourcesBuildPhase section */

/* Begin PBXShellScriptBuildPhase section */
		475D7450F4F87465336E3931 /* [CP] Embed Pods Frameworks */ = {
			isa = PBXShellScriptBuildPhase;
			buildActionMask = 2147483647;
			files = (
			);
			inputFileListPaths = (
				"${PODS_ROOT}/Target Support Files/Pods-flixy/Pods-flixy-frameworks-${CONFIGURATION}-input-files.xcfilelist",
			);
			name = "[CP] Embed Pods Frameworks";
			outputFileListPaths = (
				"${PODS_ROOT}/Target Support Files/Pods-flixy/Pods-flixy-frameworks-${CONFIGURATION}-output-files.xcfilelist",
			);
			runOnlyForDeploymentPostprocessing = 0;
			shellPath = /bin/sh;
			shellScript = "\"${PODS_ROOT}/Target Support Files/Pods-flixy/Pods-flixy-frameworks.sh\"\n";
			showEnvVarsInLog = 0;
		};
		5EA41276DED5D347145BEF25 /* [CP] Check Pods Manifest.lock */ = {
			isa = PBXShellScriptBuildPhase;
			buildActionMask = 2147483647;
			files = (
			);
			inputFileListPaths = (
			);
			inputPaths = (
				"${PODS_PODFILE_DIR_PATH}/Podfile.lock",
				"${PODS_ROOT}/Manifest.lock",
			);
			name = "[CP] Check Pods Manifest.lock";
			outputFileListPaths = (
			);
			outputPaths = (
				"$(DERIVED_FILE_DIR)/Pods-flixy-checkManifestLockResult.txt",
			);
			runOnlyForDeploymentPostprocessing = 0;
			shellPath = /bin/sh;
			shellScript = "diff \"${PODS_PODFILE_DIR_PATH}/Podfile.lock\" \"${PODS_ROOT}/Manifest.lock\" > /dev/null\nif [ $? != 0 ] ; then\n    # print error to STDERR\n    echo \"error: The sandbox is not in sync with the Podfile.lock. Run 'pod install' or update your CocoaPods installation.\" >&2\n    exit 1\nfi\n# This output is used by Xcode 'outputs' to avoid re-running this script phase.\necho \"SUCCESS\" > \"${SCRIPT_OUTPUT_FILE_0}\"\n";
			showEnvVarsInLog = 0;
		};
		6F6A5E2E9C7AE50A4893C692 /* [CP] Check Pods Manifest.lock */ = {
			isa = PBXShellScriptBuildPhase;
			buildActionMask = 2147483647;
			files = (
			);
			inputFileListPaths = (
			);
			inputPaths = (
				"${PODS_PODFILE_DIR_PATH}/Podfile.lock",
				"${PODS_ROOT}/Manifest.lock",
			);
			name = "[CP] Check Pods Manifest.lock";
			outputFileListPaths = (
			);
			outputPaths = (
				"$(DERIVED_FILE_DIR)/Pods-flixy-flixyUITests-checkManifestLockResult.txt",
			);
			runOnlyForDeploymentPostprocessing = 0;
			shellPath = /bin/sh;
			shellScript = "diff \"${PODS_PODFILE_DIR_PATH}/Podfile.lock\" \"${PODS_ROOT}/Manifest.lock\" > /dev/null\nif [ $? != 0 ] ; then\n    # print error to STDERR\n    echo \"error: The sandbox is not in sync with the Podfile.lock. Run 'pod install' or update your CocoaPods installation.\" >&2\n    exit 1\nfi\n# This output is used by Xcode 'outputs' to avoid re-running this script phase.\necho \"SUCCESS\" > \"${SCRIPT_OUTPUT_FILE_0}\"\n";
			showEnvVarsInLog = 0;
		};
		9CA0890848C628F260C418F4 /* [CP] Embed Pods Frameworks */ = {
			isa = PBXShellScriptBuildPhase;
			buildActionMask = 2147483647;
			files = (
			);
			inputFileListPaths = (
				"${PODS_ROOT}/Target Support Files/Pods-flixy-flixyUITests/Pods-flixy-flixyUITests-frameworks-${CONFIGURATION}-input-files.xcfilelist",
			);
			name = "[CP] Embed Pods Frameworks";
			outputFileListPaths = (
				"${PODS_ROOT}/Target Support Files/Pods-flixy-flixyUITests/Pods-flixy-flixyUITests-frameworks-${CONFIGURATION}-output-files.xcfilelist",
			);
			runOnlyForDeploymentPostprocessing = 0;
			shellPath = /bin/sh;
			shellScript = "\"${PODS_ROOT}/Target Support Files/Pods-flixy-flixyUITests/Pods-flixy-flixyUITests-frameworks.sh\"\n";
			showEnvVarsInLog = 0;
		};
		FAA28102F7F57E0EFCF5AF6A /* [CP] Check Pods Manifest.lock */ = {
			isa = PBXShellScriptBuildPhase;
			buildActionMask = 2147483647;
			files = (
			);
			inputFileListPaths = (
			);
			inputPaths = (
				"${PODS_PODFILE_DIR_PATH}/Podfile.lock",
				"${PODS_ROOT}/Manifest.lock",
			);
			name = "[CP] Check Pods Manifest.lock";
			outputFileListPaths = (
			);
			outputPaths = (
				"$(DERIVED_FILE_DIR)/Pods-flixyTests-checkManifestLockResult.txt",
			);
			runOnlyForDeploymentPostprocessing = 0;
			shellPath = /bin/sh;
			shellScript = "diff \"${PODS_PODFILE_DIR_PATH}/Podfile.lock\" \"${PODS_ROOT}/Manifest.lock\" > /dev/null\nif [ $? != 0 ] ; then\n    # print error to STDERR\n    echo \"error: The sandbox is not in sync with the Podfile.lock. Run 'pod install' or update your CocoaPods installation.\" >&2\n    exit 1\nfi\n# This output is used by Xcode 'outputs' to avoid re-running this script phase.\necho \"SUCCESS\" > \"${SCRIPT_OUTPUT_FILE_0}\"\n";
			showEnvVarsInLog = 0;
		};
/* End PBXShellScriptBuildPhase section */

/* Begin PBXSourcesBuildPhase section */
		F9B264ED2526C276002B78DC /* Sources */ = {
			isa = PBXSourcesBuildPhase;
			buildActionMask = 2147483647;
			files = (
				F9B264F92526C276002B78DC /* MoviesViewController.swift in Sources */,
				F9B264F52526C276002B78DC /* AppDelegate.swift in Sources */,
				F9B265272526D755002B78DC /* MovieCell.swift in Sources */,
				F9B264F72526C276002B78DC /* SceneDelegate.swift in Sources */,
			);
			runOnlyForDeploymentPostprocessing = 0;
		};
		F9B265032526C277002B78DC /* Sources */ = {
			isa = PBXSourcesBuildPhase;
			buildActionMask = 2147483647;
			files = (
				F9B2650C2526C277002B78DC /* flixyTests.swift in Sources */,
			);
			runOnlyForDeploymentPostprocessing = 0;
		};
		F9B2650E2526C277002B78DC /* Sources */ = {
			isa = PBXSourcesBuildPhase;
			buildActionMask = 2147483647;
			files = (
				F9B265172526C277002B78DC /* flixyUITests.swift in Sources */,
			);
			runOnlyForDeploymentPostprocessing = 0;
		};
/* End PBXSourcesBuildPhase section */

/* Begin PBXTargetDependency section */
		F9B265092526C277002B78DC /* PBXTargetDependency */ = {
			isa = PBXTargetDependency;
			target = F9B264F02526C276002B78DC /* flixy */;
			targetProxy = F9B265082526C277002B78DC /* PBXContainerItemProxy */;
		};
		F9B265142526C277002B78DC /* PBXTargetDependency */ = {
			isa = PBXTargetDependency;
			target = F9B264F02526C276002B78DC /* flixy */;
			targetProxy = F9B265132526C277002B78DC /* PBXContainerItemProxy */;
		};
/* End PBXTargetDependency section */

/* Begin PBXVariantGroup section */
		F9B264FA2526C276002B78DC /* Main.storyboard */ = {
			isa = PBXVariantGroup;
			children = (
				F9B264FB2526C276002B78DC /* Base */,
			);
			name = Main.storyboard;
			sourceTree = "<group>";
		};
		F9B264FF2526C277002B78DC /* LaunchScreen.storyboard */ = {
			isa = PBXVariantGroup;
			children = (
				F9B265002526C277002B78DC /* Base */,
			);
			name = LaunchScreen.storyboard;
			sourceTree = "<group>";
		};
/* End PBXVariantGroup section */

/* Begin XCBuildConfiguration section */
		F9B265192526C277002B78DC /* Debug */ = {
			isa = XCBuildConfiguration;
			buildSettings = {
				ALWAYS_SEARCH_USER_PATHS = NO;
				CLANG_ANALYZER_NONNULL = YES;
				CLANG_ANALYZER_NUMBER_OBJECT_CONVERSION = YES_AGGRESSIVE;
				CLANG_CXX_LANGUAGE_STANDARD = "gnu++14";
				CLANG_CXX_LIBRARY = "libc++";
				CLANG_ENABLE_MODULES = YES;
				CLANG_ENABLE_OBJC_ARC = YES;
				CLANG_ENABLE_OBJC_WEAK = YES;
				CLANG_WARN_BLOCK_CAPTURE_AUTORELEASING = YES;
				CLANG_WARN_BOOL_CONVERSION = YES;
				CLANG_WARN_COMMA = YES;
				CLANG_WARN_CONSTANT_CONVERSION = YES;
				CLANG_WARN_DEPRECATED_OBJC_IMPLEMENTATIONS = YES;
				CLANG_WARN_DIRECT_OBJC_ISA_USAGE = YES_ERROR;
				CLANG_WARN_DOCUMENTATION_COMMENTS = YES;
				CLANG_WARN_EMPTY_BODY = YES;
				CLANG_WARN_ENUM_CONVERSION = YES;
				CLANG_WARN_INFINITE_RECURSION = YES;
				CLANG_WARN_INT_CONVERSION = YES;
				CLANG_WARN_NON_LITERAL_NULL_CONVERSION = YES;
				CLANG_WARN_OBJC_IMPLICIT_RETAIN_SELF = YES;
				CLANG_WARN_OBJC_LITERAL_CONVERSION = YES;
				CLANG_WARN_OBJC_ROOT_CLASS = YES_ERROR;
				CLANG_WARN_RANGE_LOOP_ANALYSIS = YES;
				CLANG_WARN_STRICT_PROTOTYPES = YES;
				CLANG_WARN_SUSPICIOUS_MOVE = YES;
				CLANG_WARN_UNGUARDED_AVAILABILITY = YES_AGGRESSIVE;
				CLANG_WARN_UNREACHABLE_CODE = YES;
				CLANG_WARN__DUPLICATE_METHOD_MATCH = YES;
				COPY_PHASE_STRIP = NO;
				DEBUG_INFORMATION_FORMAT = dwarf;
				ENABLE_STRICT_OBJC_MSGSEND = YES;
				ENABLE_TESTABILITY = YES;
				GCC_C_LANGUAGE_STANDARD = gnu11;
				GCC_DYNAMIC_NO_PIC = NO;
				GCC_NO_COMMON_BLOCKS = YES;
				GCC_OPTIMIZATION_LEVEL = 0;
				GCC_PREPROCESSOR_DEFINITIONS = (
					"DEBUG=1",
					"$(inherited)",
				);
				GCC_WARN_64_TO_32_BIT_CONVERSION = YES;
				GCC_WARN_ABOUT_RETURN_TYPE = YES_ERROR;
				GCC_WARN_UNDECLARED_SELECTOR = YES;
				GCC_WARN_UNINITIALIZED_AUTOS = YES_AGGRESSIVE;
				GCC_WARN_UNUSED_FUNCTION = YES;
				GCC_WARN_UNUSED_VARIABLE = YES;
				IPHONEOS_DEPLOYMENT_TARGET = 13.7;
				MTL_ENABLE_DEBUG_INFO = INCLUDE_SOURCE;
				MTL_FAST_MATH = YES;
				ONLY_ACTIVE_ARCH = YES;
				SDKROOT = iphoneos;
				SWIFT_ACTIVE_COMPILATION_CONDITIONS = DEBUG;
				SWIFT_OPTIMIZATION_LEVEL = "-Onone";
			};
			name = Debug;
		};
		F9B2651A2526C277002B78DC /* Release */ = {
			isa = XCBuildConfiguration;
			buildSettings = {
				ALWAYS_SEARCH_USER_PATHS = NO;
				CLANG_ANALYZER_NONNULL = YES;
				CLANG_ANALYZER_NUMBER_OBJECT_CONVERSION = YES_AGGRESSIVE;
				CLANG_CXX_LANGUAGE_STANDARD = "gnu++14";
				CLANG_CXX_LIBRARY = "libc++";
				CLANG_ENABLE_MODULES = YES;
				CLANG_ENABLE_OBJC_ARC = YES;
				CLANG_ENABLE_OBJC_WEAK = YES;
				CLANG_WARN_BLOCK_CAPTURE_AUTORELEASING = YES;
				CLANG_WARN_BOOL_CONVERSION = YES;
				CLANG_WARN_COMMA = YES;
				CLANG_WARN_CONSTANT_CONVERSION = YES;
				CLANG_WARN_DEPRECATED_OBJC_IMPLEMENTATIONS = YES;
				CLANG_WARN_DIRECT_OBJC_ISA_USAGE = YES_ERROR;
				CLANG_WARN_DOCUMENTATION_COMMENTS = YES;
				CLANG_WARN_EMPTY_BODY = YES;
				CLANG_WARN_ENUM_CONVERSION = YES;
				CLANG_WARN_INFINITE_RECURSION = YES;
				CLANG_WARN_INT_CONVERSION = YES;
				CLANG_WARN_NON_LITERAL_NULL_CONVERSION = YES;
				CLANG_WARN_OBJC_IMPLICIT_RETAIN_SELF = YES;
				CLANG_WARN_OBJC_LITERAL_CONVERSION = YES;
				CLANG_WARN_OBJC_ROOT_CLASS = YES_ERROR;
				CLANG_WARN_RANGE_LOOP_ANALYSIS = YES;
				CLANG_WARN_STRICT_PROTOTYPES = YES;
				CLANG_WARN_SUSPICIOUS_MOVE = YES;
				CLANG_WARN_UNGUARDED_AVAILABILITY = YES_AGGRESSIVE;
				CLANG_WARN_UNREACHABLE_CODE = YES;
				CLANG_WARN__DUPLICATE_METHOD_MATCH = YES;
				COPY_PHASE_STRIP = NO;
				DEBUG_INFORMATION_FORMAT = "dwarf-with-dsym";
				ENABLE_NS_ASSERTIONS = NO;
				ENABLE_STRICT_OBJC_MSGSEND = YES;
				GCC_C_LANGUAGE_STANDARD = gnu11;
				GCC_NO_COMMON_BLOCKS = YES;
				GCC_WARN_64_TO_32_BIT_CONVERSION = YES;
				GCC_WARN_ABOUT_RETURN_TYPE = YES_ERROR;
				GCC_WARN_UNDECLARED_SELECTOR = YES;
				GCC_WARN_UNINITIALIZED_AUTOS = YES_AGGRESSIVE;
				GCC_WARN_UNUSED_FUNCTION = YES;
				GCC_WARN_UNUSED_VARIABLE = YES;
				IPHONEOS_DEPLOYMENT_TARGET = 13.7;
				MTL_ENABLE_DEBUG_INFO = NO;
				MTL_FAST_MATH = YES;
				SDKROOT = iphoneos;
				SWIFT_COMPILATION_MODE = wholemodule;
				SWIFT_OPTIMIZATION_LEVEL = "-O";
				VALIDATE_PRODUCT = YES;
			};
			name = Release;
		};
		F9B2651C2526C277002B78DC /* Debug */ = {
			isa = XCBuildConfiguration;
			baseConfigurationReference = 49151A44A43BC7CCB39993A1 /* Pods-flixy.debug.xcconfig */;
			buildSettings = {
				ASSETCATALOG_COMPILER_APPICON_NAME = AppIcon;
				CODE_SIGN_STYLE = Automatic;
				DEVELOPMENT_TEAM = W64GKJ3S3T;
				INFOPLIST_FILE = flixy/Info.plist;
				LD_RUNPATH_SEARCH_PATHS = (
					"$(inherited)",
					"@executable_path/Frameworks",
				);
				PRODUCT_BUNDLE_IDENTIFIER = codepath.flixy;
				PRODUCT_NAME = "$(TARGET_NAME)";
				SWIFT_VERSION = 5.0;
				TARGETED_DEVICE_FAMILY = "1,2";
			};
			name = Debug;
		};
		F9B2651D2526C277002B78DC /* Release */ = {
			isa = XCBuildConfiguration;
			baseConfigurationReference = CAB5CC3A3C27C34A2C9A71D6 /* Pods-flixy.release.xcconfig */;
			buildSettings = {
				ASSETCATALOG_COMPILER_APPICON_NAME = AppIcon;
				CODE_SIGN_STYLE = Automatic;
				DEVELOPMENT_TEAM = W64GKJ3S3T;
				INFOPLIST_FILE = flixy/Info.plist;
				LD_RUNPATH_SEARCH_PATHS = (
					"$(inherited)",
					"@executable_path/Frameworks",
				);
				PRODUCT_BUNDLE_IDENTIFIER = codepath.flixy;
				PRODUCT_NAME = "$(TARGET_NAME)";
				SWIFT_VERSION = 5.0;
				TARGETED_DEVICE_FAMILY = "1,2";
			};
			name = Release;
		};
		F9B2651F2526C277002B78DC /* Debug */ = {
			isa = XCBuildConfiguration;
			baseConfigurationReference = D813141EB9BADA91F27C6E48 /* Pods-flixyTests.debug.xcconfig */;
			buildSettings = {
				ALWAYS_EMBED_SWIFT_STANDARD_LIBRARIES = YES;
				BUNDLE_LOADER = "$(TEST_HOST)";
				CODE_SIGN_STYLE = Automatic;
				DEVELOPMENT_TEAM = W64GKJ3S3T;
				INFOPLIST_FILE = flixyTests/Info.plist;
				IPHONEOS_DEPLOYMENT_TARGET = 13.7;
				LD_RUNPATH_SEARCH_PATHS = (
					"$(inherited)",
					"@executable_path/Frameworks",
					"@loader_path/Frameworks",
				);
				PRODUCT_BUNDLE_IDENTIFIER = codepath.flixyTests;
				PRODUCT_NAME = "$(TARGET_NAME)";
				SWIFT_VERSION = 5.0;
				TARGETED_DEVICE_FAMILY = "1,2";
				TEST_HOST = "$(BUILT_PRODUCTS_DIR)/flixy.app/flixy";
			};
			name = Debug;
		};
		F9B265202526C277002B78DC /* Release */ = {
			isa = XCBuildConfiguration;
			baseConfigurationReference = 18765ED8609B60CC6A11F172 /* Pods-flixyTests.release.xcconfig */;
			buildSettings = {
				ALWAYS_EMBED_SWIFT_STANDARD_LIBRARIES = YES;
				BUNDLE_LOADER = "$(TEST_HOST)";
				CODE_SIGN_STYLE = Automatic;
				DEVELOPMENT_TEAM = W64GKJ3S3T;
				INFOPLIST_FILE = flixyTests/Info.plist;
				IPHONEOS_DEPLOYMENT_TARGET = 13.7;
				LD_RUNPATH_SEARCH_PATHS = (
					"$(inherited)",
					"@executable_path/Frameworks",
					"@loader_path/Frameworks",
				);
				PRODUCT_BUNDLE_IDENTIFIER = codepath.flixyTests;
				PRODUCT_NAME = "$(TARGET_NAME)";
				SWIFT_VERSION = 5.0;
				TARGETED_DEVICE_FAMILY = "1,2";
				TEST_HOST = "$(BUILT_PRODUCTS_DIR)/flixy.app/flixy";
			};
			name = Release;
		};
		F9B265222526C277002B78DC /* Debug */ = {
			isa = XCBuildConfiguration;
			baseConfigurationReference = B75FE509FD0FA015BCBC4F9D /* Pods-flixy-flixyUITests.debug.xcconfig */;
			buildSettings = {
				ALWAYS_EMBED_SWIFT_STANDARD_LIBRARIES = YES;
				CODE_SIGN_STYLE = Automatic;
				DEVELOPMENT_TEAM = W64GKJ3S3T;
				INFOPLIST_FILE = flixyUITests/Info.plist;
				LD_RUNPATH_SEARCH_PATHS = (
					"$(inherited)",
					"@executable_path/Frameworks",
					"@loader_path/Frameworks",
				);
				PRODUCT_BUNDLE_IDENTIFIER = codepath.flixyUITests;
				PRODUCT_NAME = "$(TARGET_NAME)";
				SWIFT_VERSION = 5.0;
				TARGETED_DEVICE_FAMILY = "1,2";
				TEST_TARGET_NAME = flixy;
			};
			name = Debug;
		};
		F9B265232526C277002B78DC /* Release */ = {
			isa = XCBuildConfiguration;
			baseConfigurationReference = 3AF7BF34A59EA4B6ADCCE03E /* Pods-flixy-flixyUITests.release.xcconfig */;
			buildSettings = {
				ALWAYS_EMBED_SWIFT_STANDARD_LIBRARIES = YES;
				CODE_SIGN_STYLE = Automatic;
				DEVELOPMENT_TEAM = W64GKJ3S3T;
				INFOPLIST_FILE = flixyUITests/Info.plist;
				LD_RUNPATH_SEARCH_PATHS = (
					"$(inherited)",
					"@executable_path/Frameworks",
					"@loader_path/Frameworks",
				);
				PRODUCT_BUNDLE_IDENTIFIER = codepath.flixyUITests;
				PRODUCT_NAME = "$(TARGET_NAME)";
				SWIFT_VERSION = 5.0;
				TARGETED_DEVICE_FAMILY = "1,2";
				TEST_TARGET_NAME = flixy;
			};
			name = Release;
		};
/* End XCBuildConfiguration section */

/* Begin XCConfigurationList section */
		F9B264EC2526C276002B78DC /* Build configuration list for PBXProject "flixy" */ = {
			isa = XCConfigurationList;
			buildConfigurations = (
				F9B265192526C277002B78DC /* Debug */,
				F9B2651A2526C277002B78DC /* Release */,
			);
			defaultConfigurationIsVisible = 0;
			defaultConfigurationName = Release;
		};
		F9B2651B2526C277002B78DC /* Build configuration list for PBXNativeTarget "flixy" */ = {
			isa = XCConfigurationList;
			buildConfigurations = (
				F9B2651C2526C277002B78DC /* Debug */,
				F9B2651D2526C277002B78DC /* Release */,
			);
			defaultConfigurationIsVisible = 0;
			defaultConfigurationName = Release;
		};
		F9B2651E2526C277002B78DC /* Build configuration list for PBXNativeTarget "flixyTests" */ = {
			isa = XCConfigurationList;
			buildConfigurations = (
				F9B2651F2526C277002B78DC /* Debug */,
				F9B265202526C277002B78DC /* Release */,
			);
			defaultConfigurationIsVisible = 0;
			defaultConfigurationName = Release;
		};
		F9B265212526C277002B78DC /* Build configuration list for PBXNativeTarget "flixyUITests" */ = {
			isa = XCConfigurationList;
			buildConfigurations = (
				F9B265222526C277002B78DC /* Debug */,
				F9B265232526C277002B78DC /* Release */,
			);
			defaultConfigurationIsVisible = 0;
			defaultConfigurationName = Release;
		};
/* End XCConfigurationList section */
	};
	rootObject = F9B264E92526C276002B78DC /* Project object */;
}
